
Microsoft Visual Studio Solution File, Format Version 11.00
# Visual Studio 2010
Project("{FAE04EC0-301F-11D3-BF4B-00C04F79EFBC}") = "Khronos", "Src\Khronos\Khronos.csproj", "{8ECAC88A-7B01-4600-A0AD-18197658D179}"
EndProject
Project("{FAE04EC0-301F-11D3-BF4B-00C04F79EFBC}") = "Khronos.UnitTests", "Tests\Khronos.UnitTests\Khronos.UnitTests.csproj", "{90A83C52-EB40-45DD-A202-C57C3BBDA0A4}"
EndProject
Project("{2150E333-8FDC-42A3-9474-1A3956D46DE8}") = "Docs", "Docs", "{E4DEFAAD-3384-4AC2-83F2-A619FC96F6EB}"
	ProjectSection(SolutionItems) = preProject
		README = README
	EndProjectSection
EndProject
Global
	GlobalSection(SolutionConfigurationPlatforms) = preSolution
		Debug|Any CPU = Debug|Any CPU
		Release|Any CPU = Release|Any CPU
	EndGlobalSection
	GlobalSection(ProjectConfigurationPlatforms) = postSolution
		{8ECAC88A-7B01-4600-A0AD-18197658D179}.Debug|Any CPU.ActiveCfg = Debug|Any CPU
		{8ECAC88A-7B01-4600-A0AD-18197658D179}.Debug|Any CPU.Build.0 = Debug|Any CPU
		{8ECAC88A-7B01-4600-A0AD-18197658D179}.Release|Any CPU.ActiveCfg = Release|Any CPU
		{8ECAC88A-7B01-4600-A0AD-18197658D179}.Release|Any CPU.Build.0 = Release|Any CPU
		{90A83C52-EB40-45DD-A202-C57C3BBDA0A4}.Debug|Any CPU.ActiveCfg = Debug|Any CPU
		{90A83C52-EB40-45DD-A202-C57C3BBDA0A4}.Debug|Any CPU.Build.0 = Debug|Any CPU
		{90A83C52-EB40-45DD-A202-C57C3BBDA0A4}.Release|Any CPU.ActiveCfg = Release|Any CPU
		{90A83C52-EB40-45DD-A202-C57C3BBDA0A4}.Release|Any CPU.Build.0 = Release|Any CPU
	EndGlobalSection
	GlobalSection(SolutionProperties) = preSolution
		HideSolutionNode = FALSE
	EndGlobalSection
EndGlobal
